
Microsoft Visual Studio Solution File, Format Version 12.00
# Visual Studio Version 16
VisualStudioVersion = 16.0.31911.196
MinimumVisualStudioVersion = 10.0.40219.1
Project("{FAE04EC0-301F-11D3-BF4B-00C04F79EFBC}") = "Lab4Variant6", "Lab4Variant6\Lab4Variant6.csproj", "{7C25E8F5-FA14-48FA-8A7C-83FBEA842DDB}"
EndProject
Project("{FAE04EC0-301F-11D3-BF4B-00C04F79EFBC}") = "Lab4Variant6Tests", "Lab4Variant6Tests\Lab4Variant6Tests.csproj", "{E5487379-5A40-4560-BFEE-C8629DD58655}"
EndProject
Global
	GlobalSection(SolutionConfigurationPlatforms) = preSolution
		Debug|Any CPU = Debug|Any CPU
		Release|Any CPU = Release|Any CPU
	EndGlobalSection
	GlobalSection(ProjectConfigurationPlatforms) = postSolution
		{7C25E8F5-FA14-48FA-8A7C-83FBEA842DDB}.Debug|Any CPU.ActiveCfg = Debug|Any CPU
		{7C25E8F5-FA14-48FA-8A7C-83FBEA842DDB}.Debug|Any CPU.Build.0 = Debug|Any CPU
		{7C25E8F5-FA14-48FA-8A7C-83FBEA842DDB}.Release|Any CPU.ActiveCfg = Release|Any CPU
		{7C25E8F5-FA14-48FA-8A7C-83FBEA842DDB}.Release|Any CPU.Build.0 = Release|Any CPU
		{E5487379-5A40-4560-BFEE-C8629DD58655}.Debug|Any CPU.ActiveCfg = Debug|Any CPU
		{E5487379-5A40-4560-BFEE-C8629DD58655}.Debug|Any CPU.Build.0 = Debug|Any CPU
		{E5487379-5A40-4560-BFEE-C8629DD58655}.Release|Any CPU.ActiveCfg = Release|Any CPU
		{E5487379-5A40-4560-BFEE-C8629DD58655}.Release|Any CPU.Build.0 = Release|Any CPU
	EndGlobalSection
	GlobalSection(SolutionProperties) = preSolution
		HideSolutionNode = FALSE
	EndGlobalSection
	GlobalSection(ExtensibilityGlobals) = postSolution
		SolutionGuid = {92E928B3-3BA4-4D24-8496-F4E8CAFC67D4}
	EndGlobalSection
EndGlobal
